
Microsoft Visual Studio Solution File, Format Version 12.00
# Visual Studio Version 17
VisualStudioVersion = 17.8.34525.116
MinimumVisualStudioVersion = 10.0.40219.1
Project("{FAE04EC0-301F-11D3-BF4B-00C04F79EFBC}") = "TarefasApp.API", "TarefasApp.API\TarefasApp.API.csproj", "{1D1882E1-7DF0-447E-A828-F94BD2FDED83}"
EndProject
Project("{2150E333-8FDC-42A3-9474-1A3956D46DE8}") = "API", "API", "{A1C9A5DC-DB69-465D-9656-0B1B901968E9}"
EndProject
Project("{2150E333-8FDC-42A3-9474-1A3956D46DE8}") = "DDD", "DDD", "{313B9173-CED5-4DEC-AF58-D35E14756631}"
EndProject
Project("{2150E333-8FDC-42A3-9474-1A3956D46DE8}") = "TDD", "TDD", "{D9B9C564-705A-46C6-A448-3238DB5B47B7}"
EndProject
Project("{2150E333-8FDC-42A3-9474-1A3956D46DE8}") = "Application", "Application", "{07D2C3BD-1BE5-4F1F-85F9-D195D3EEDD96}"
EndProject
Project("{2150E333-8FDC-42A3-9474-1A3956D46DE8}") = "Domain", "Domain", "{A2582319-DC02-4DD0-88A2-C9DFF8637966}"
EndProject
Project("{2150E333-8FDC-42A3-9474-1A3956D46DE8}") = "Infrastructure", "Infrastructure", "{36A3E727-F75D-4200-B39B-8B5B509B74B6}"
EndProject
Project("{FAE04EC0-301F-11D3-BF4B-00C04F79EFBC}") = "TarefasApp.Domain", "TarefasApp.Domain\TarefasApp.Domain.csproj", "{C721043D-00F2-49FA-8E0C-5767A4E51E0E}"
EndProject
Project("{FAE04EC0-301F-11D3-BF4B-00C04F79EFBC}") = "TarefasApp.Infra.Data", "TarefasApp.Infra.Data\TarefasApp.Infra.Data.csproj", "{1E59928F-1E4E-445C-B86E-A41097EA8EEB}"
EndProject
Project("{FAE04EC0-301F-11D3-BF4B-00C04F79EFBC}") = "TarefasApp.Application", "TarefasApp.Application\TarefasApp.Application.csproj", "{63ECF2DC-9F99-4707-901F-AB98FFC47FEC}"
EndProject
Project("{FAE04EC0-301F-11D3-BF4B-00C04F79EFBC}") = "TarefasApp.IntegrationTests", "TarefasApp.IntegrationTests\TarefasApp.IntegrationTests.csproj", "{B4DE04D7-1262-495A-B542-71D69693D0CB}"
EndProject
Global
	GlobalSection(SolutionConfigurationPlatforms) = preSolution
		Debug|Any CPU = Debug|Any CPU
		Release|Any CPU = Release|Any CPU
	EndGlobalSection
	GlobalSection(ProjectConfigurationPlatforms) = postSolution
		{1D1882E1-7DF0-447E-A828-F94BD2FDED83}.Debug|Any CPU.ActiveCfg = Debug|Any CPU
		{1D1882E1-7DF0-447E-A828-F94BD2FDED83}.Debug|Any CPU.Build.0 = Debug|Any CPU
		{1D1882E1-7DF0-447E-A828-F94BD2FDED83}.Release|Any CPU.ActiveCfg = Release|Any CPU
		{1D1882E1-7DF0-447E-A828-F94BD2FDED83}.Release|Any CPU.Build.0 = Release|Any CPU
		{C721043D-00F2-49FA-8E0C-5767A4E51E0E}.Debug|Any CPU.ActiveCfg = Debug|Any CPU
		{C721043D-00F2-49FA-8E0C-5767A4E51E0E}.Debug|Any CPU.Build.0 = Debug|Any CPU
		{C721043D-00F2-49FA-8E0C-5767A4E51E0E}.Release|Any CPU.ActiveCfg = Release|Any CPU
		{C721043D-00F2-49FA-8E0C-5767A4E51E0E}.Release|Any CPU.Build.0 = Release|Any CPU
		{1E59928F-1E4E-445C-B86E-A41097EA8EEB}.Debug|Any CPU.ActiveCfg = Debug|Any CPU
		{1E59928F-1E4E-445C-B86E-A41097EA8EEB}.Debug|Any CPU.Build.0 = Debug|Any CPU
		{1E59928F-1E4E-445C-B86E-A41097EA8EEB}.Release|Any CPU.ActiveCfg = Release|Any CPU
		{1E59928F-1E4E-445C-B86E-A41097EA8EEB}.Release|Any CPU.Build.0 = Release|Any CPU
		{63ECF2DC-9F99-4707-901F-AB98FFC47FEC}.Debug|Any CPU.ActiveCfg = Debug|Any CPU
		{63ECF2DC-9F99-4707-901F-AB98FFC47FEC}.Debug|Any CPU.Build.0 = Debug|Any CPU
		{63ECF2DC-9F99-4707-901F-AB98FFC47FEC}.Release|Any CPU.ActiveCfg = Release|Any CPU
		{63ECF2DC-9F99-4707-901F-AB98FFC47FEC}.Release|Any CPU.Build.0 = Release|Any CPU
		{B4DE04D7-1262-495A-B542-71D69693D0CB}.Debug|Any CPU.ActiveCfg = Debug|Any CPU
		{B4DE04D7-1262-495A-B542-71D69693D0CB}.Debug|Any CPU.Build.0 = Debug|Any CPU
		{B4DE04D7-1262-495A-B542-71D69693D0CB}.Release|Any CPU.ActiveCfg = Release|Any CPU
		{B4DE04D7-1262-495A-B542-71D69693D0CB}.Release|Any CPU.Build.0 = Release|Any CPU
	EndGlobalSection
	GlobalSection(SolutionProperties) = preSolution
		HideSolutionNode = FALSE
	EndGlobalSection
	GlobalSection(NestedProjects) = preSolution
		{1D1882E1-7DF0-447E-A828-F94BD2FDED83} = {A1C9A5DC-DB69-465D-9656-0B1B901968E9}
		{07D2C3BD-1BE5-4F1F-85F9-D195D3EEDD96} = {313B9173-CED5-4DEC-AF58-D35E14756631}
		{A2582319-DC02-4DD0-88A2-C9DFF8637966} = {313B9173-CED5-4DEC-AF58-D35E14756631}
		{36A3E727-F75D-4200-B39B-8B5B509B74B6} = {313B9173-CED5-4DEC-AF58-D35E14756631}
		{C721043D-00F2-49FA-8E0C-5767A4E51E0E} = {A2582319-DC02-4DD0-88A2-C9DFF8637966}
		{1E59928F-1E4E-445C-B86E-A41097EA8EEB} = {36A3E727-F75D-4200-B39B-8B5B509B74B6}
		{63ECF2DC-9F99-4707-901F-AB98FFC47FEC} = {07D2C3BD-1BE5-4F1F-85F9-D195D3EEDD96}
		{B4DE04D7-1262-495A-B542-71D69693D0CB} = {D9B9C564-705A-46C6-A448-3238DB5B47B7}
	EndGlobalSection
	GlobalSection(ExtensibilityGlobals) = postSolution
		SolutionGuid = {9F1976D8-F27C-454B-B035-24777796F6F1}
	EndGlobalSection
EndGlobal
